
Microsoft Visual Studio Solution File, Format Version 12.00
# Visual Studio Version 17
VisualStudioVersion = 17.7.34031.279
MinimumVisualStudioVersion = 10.0.40219.1
Project("{2150E333-8FDC-42A3-9474-1A3956D46DE8}") = "src", "src", "{EB654485-7654-4A6F-BEC2-AADA7A94814A}"
EndProject
Project("{2150E333-8FDC-42A3-9474-1A3956D46DE8}") = "tests", "tests", "{0C4C025F-F450-49EE-BEBC-2A9E25690384}"
EndProject
Project("{2150E333-8FDC-42A3-9474-1A3956D46DE8}") = "Infrastructure", "Infrastructure", "{91ED1141-007E-4600-A494-FBD9EF3C90C9}"
EndProject
Project("{2150E333-8FDC-42A3-9474-1A3956D46DE8}") = "Core", "Core", "{6C294FC3-A916-45EA-B948-43F3C69DFF0C}"
EndProject
Project("{2150E333-8FDC-42A3-9474-1A3956D46DE8}") = "API", "API", "{6E2C9A8A-7291-4707-8E2F-509E63CF4160}"
EndProject
Project("{FAE04EC0-301F-11D3-BF4B-00C04F79EFBC}") = "HR.LeaveManagement.Domain", "HR.LeaveManagement.Domain\HR.LeaveManagement.Domain.csproj", "{E93F9E09-25E8-4055-87FE-941D2DACC6F0}"
EndProject
Project("{FAE04EC0-301F-11D3-BF4B-00C04F79EFBC}") = "HR.LeaveManagement.Application", "HR.LeaveManagement.Application\HR.LeaveManagement.Application.csproj", "{8E0AC0C1-B1CE-4CB6-B149-9084A46CF3A0}"
EndProject
Global
	GlobalSection(SolutionConfigurationPlatforms) = preSolution
		Debug|Any CPU = Debug|Any CPU
		Release|Any CPU = Release|Any CPU
	EndGlobalSection
	GlobalSection(ProjectConfigurationPlatforms) = postSolution
		{E93F9E09-25E8-4055-87FE-941D2DACC6F0}.Debug|Any CPU.ActiveCfg = Debug|Any CPU
		{E93F9E09-25E8-4055-87FE-941D2DACC6F0}.Debug|Any CPU.Build.0 = Debug|Any CPU
		{E93F9E09-25E8-4055-87FE-941D2DACC6F0}.Release|Any CPU.ActiveCfg = Release|Any CPU
		{E93F9E09-25E8-4055-87FE-941D2DACC6F0}.Release|Any CPU.Build.0 = Release|Any CPU
		{8E0AC0C1-B1CE-4CB6-B149-9084A46CF3A0}.Debug|Any CPU.ActiveCfg = Debug|Any CPU
		{8E0AC0C1-B1CE-4CB6-B149-9084A46CF3A0}.Debug|Any CPU.Build.0 = Debug|Any CPU
		{8E0AC0C1-B1CE-4CB6-B149-9084A46CF3A0}.Release|Any CPU.ActiveCfg = Release|Any CPU
		{8E0AC0C1-B1CE-4CB6-B149-9084A46CF3A0}.Release|Any CPU.Build.0 = Release|Any CPU
	EndGlobalSection
	GlobalSection(SolutionProperties) = preSolution
		HideSolutionNode = FALSE
	EndGlobalSection
	GlobalSection(NestedProjects) = preSolution
		{91ED1141-007E-4600-A494-FBD9EF3C90C9} = {0C4C025F-F450-49EE-BEBC-2A9E25690384}
		{6C294FC3-A916-45EA-B948-43F3C69DFF0C} = {0C4C025F-F450-49EE-BEBC-2A9E25690384}
		{6E2C9A8A-7291-4707-8E2F-509E63CF4160} = {0C4C025F-F450-49EE-BEBC-2A9E25690384}
		{E93F9E09-25E8-4055-87FE-941D2DACC6F0} = {6C294FC3-A916-45EA-B948-43F3C69DFF0C}
		{8E0AC0C1-B1CE-4CB6-B149-9084A46CF3A0} = {6C294FC3-A916-45EA-B948-43F3C69DFF0C}
	EndGlobalSection
	GlobalSection(ExtensibilityGlobals) = postSolution
		SolutionGuid = {42BB8AAB-6613-431A-99B4-5232A50826D5}
	EndGlobalSection
EndGlobal
